
Microsoft Visual Studio Solution File, Format Version 12.00
# Visual Studio Version 17
VisualStudioVersion = 17.7.34031.279
MinimumVisualStudioVersion = 10.0.40219.1
Project("{9A19103F-16F7-4668-BE54-9A1E7A4F7556}") = "VisualComponents", "COP_lab\VisualComponents.csproj", "{83C741EF-FEFA-4C99-9565-5F5389276E2B}"
EndProject
Project("{9A19103F-16F7-4668-BE54-9A1E7A4F7556}") = "TestForms", "TestForms\TestForms.csproj", "{889DECDB-0FC4-48B0-AB42-2B60613C1B19}"
EndProject
Project("{FAE04EC0-301F-11D3-BF4B-00C04F79EFBC}") = "NonVisualComponents", "NonVisualComponents\NonVisualComponents.csproj", "{0D221292-C6B2-41FF-80A3-98F675017338}"
EndProject
Global
	GlobalSection(SolutionConfigurationPlatforms) = preSolution
		Debug|Any CPU = Debug|Any CPU
		Release|Any CPU = Release|Any CPU
	EndGlobalSection
	GlobalSection(ProjectConfigurationPlatforms) = postSolution
		{83C741EF-FEFA-4C99-9565-5F5389276E2B}.Debug|Any CPU.ActiveCfg = Debug|Any CPU
		{83C741EF-FEFA-4C99-9565-5F5389276E2B}.Debug|Any CPU.Build.0 = Debug|Any CPU
		{83C741EF-FEFA-4C99-9565-5F5389276E2B}.Release|Any CPU.ActiveCfg = Release|Any CPU
		{83C741EF-FEFA-4C99-9565-5F5389276E2B}.Release|Any CPU.Build.0 = Release|Any CPU
		{889DECDB-0FC4-48B0-AB42-2B60613C1B19}.Debug|Any CPU.ActiveCfg = Debug|Any CPU
		{889DECDB-0FC4-48B0-AB42-2B60613C1B19}.Debug|Any CPU.Build.0 = Debug|Any CPU
		{889DECDB-0FC4-48B0-AB42-2B60613C1B19}.Release|Any CPU.ActiveCfg = Release|Any CPU
		{889DECDB-0FC4-48B0-AB42-2B60613C1B19}.Release|Any CPU.Build.0 = Release|Any CPU
		{0D221292-C6B2-41FF-80A3-98F675017338}.Debug|Any CPU.ActiveCfg = Debug|Any CPU
		{0D221292-C6B2-41FF-80A3-98F675017338}.Debug|Any CPU.Build.0 = Debug|Any CPU
		{0D221292-C6B2-41FF-80A3-98F675017338}.Release|Any CPU.ActiveCfg = Release|Any CPU
		{0D221292-C6B2-41FF-80A3-98F675017338}.Release|Any CPU.Build.0 = Release|Any CPU
	EndGlobalSection
	GlobalSection(SolutionProperties) = preSolution
		HideSolutionNode = FALSE
	EndGlobalSection
	GlobalSection(ExtensibilityGlobals) = postSolution
		SolutionGuid = {1FA71F29-EE39-4FBE-A553-055804D6F5DE}
	EndGlobalSection
EndGlobal
